
Microsoft Visual Studio Solution File, Format Version 12.00
# Visual Studio Version 17
VisualStudioVersion = 17.2.32616.157
MinimumVisualStudioVersion = 10.0.40219.1
Project("{FAE04EC0-301F-11D3-BF4B-00C04F79EFBC}") = "PuppyPowertools", "PuppyPowertools\PuppyPowertools.csproj", "{AD8E857A-C77B-4A6C-83E3-3E06C056A4F8}"
EndProject
Global
	GlobalSection(SolutionConfigurationPlatforms) = preSolution
		Debug|Any CPU = Debug|Any CPU
		Release|Any CPU = Release|Any CPU
	EndGlobalSection
	GlobalSection(ProjectConfigurationPlatforms) = postSolution
		{AD8E857A-C77B-4A6C-83E3-3E06C056A4F8}.Debug|Any CPU.ActiveCfg = Debug|Any CPU
		{AD8E857A-C77B-4A6C-83E3-3E06C056A4F8}.Debug|Any CPU.Build.0 = Debug|Any CPU
		{AD8E857A-C77B-4A6C-83E3-3E06C056A4F8}.Release|Any CPU.ActiveCfg = Release|Any CPU
		{AD8E857A-C77B-4A6C-83E3-3E06C056A4F8}.Release|Any CPU.Build.0 = Release|Any CPU
	EndGlobalSection
	GlobalSection(SolutionProperties) = preSolution
		HideSolutionNode = FALSE
	EndGlobalSection
	GlobalSection(ExtensibilityGlobals) = postSolution
		SolutionGuid = {CB28D4BD-D153-4A83-973F-3AE3B6F2FA82}
	EndGlobalSection
EndGlobal
